
Microsoft Visual Studio Solution File, Format Version 12.00
# Visual Studio Version 16
VisualStudioVersion = 16.0.30114.105
MinimumVisualStudioVersion = 10.0.40219.1
Project("{FAE04EC0-301F-11D3-BF4B-00C04F79EFBC}") = "ConsoleExecutor", "ConsoleExecutor\ConsoleExecutor.csproj", "{BD097D70-B8E0-4940-82EA-4C17FCEF1B48}"
EndProject
Project("{FAE04EC0-301F-11D3-BF4B-00C04F79EFBC}") = "POO.Test", "POO.Test\POO.Test.csproj", "{28E13311-9EAC-482B-98A6-54ED89725361}"
EndProject
Global
	GlobalSection(SolutionConfigurationPlatforms) = preSolution
		Debug|Any CPU = Debug|Any CPU
		Release|Any CPU = Release|Any CPU
	EndGlobalSection
	GlobalSection(SolutionProperties) = preSolution
		HideSolutionNode = FALSE
	EndGlobalSection
	GlobalSection(ProjectConfigurationPlatforms) = postSolution
		{CDADF71C-2781-49D1-9006-CABF2B8478BA}.Debug|Any CPU.ActiveCfg = Debug|Any CPU
		{CDADF71C-2781-49D1-9006-CABF2B8478BA}.Debug|Any CPU.Build.0 = Debug|Any CPU
		{CDADF71C-2781-49D1-9006-CABF2B8478BA}.Release|Any CPU.ActiveCfg = Release|Any CPU
		{CDADF71C-2781-49D1-9006-CABF2B8478BA}.Release|Any CPU.Build.0 = Release|Any CPU
		{BD097D70-B8E0-4940-82EA-4C17FCEF1B48}.Debug|Any CPU.ActiveCfg = Debug|Any CPU
		{BD097D70-B8E0-4940-82EA-4C17FCEF1B48}.Debug|Any CPU.Build.0 = Debug|Any CPU
		{BD097D70-B8E0-4940-82EA-4C17FCEF1B48}.Release|Any CPU.ActiveCfg = Release|Any CPU
		{BD097D70-B8E0-4940-82EA-4C17FCEF1B48}.Release|Any CPU.Build.0 = Release|Any CPU
		{28E13311-9EAC-482B-98A6-54ED89725361}.Debug|Any CPU.ActiveCfg = Debug|Any CPU
		{28E13311-9EAC-482B-98A6-54ED89725361}.Debug|Any CPU.Build.0 = Debug|Any CPU
		{28E13311-9EAC-482B-98A6-54ED89725361}.Release|Any CPU.ActiveCfg = Release|Any CPU
		{28E13311-9EAC-482B-98A6-54ED89725361}.Release|Any CPU.Build.0 = Release|Any CPU
	EndGlobalSection
EndGlobal
